// !$*UTF8*$!
{
	archiveVersion = 1;
	classes = {
	};
	objectVersion = 50;
	objects = {

/* Begin PBXBuildFile section */
		DED1F82C21D628C200EB57E2 /* AppDelegate.swift in Sources */ = {isa = PBXBuildFile; fileRef = DED1F82B21D628C200EB57E2 /* AppDelegate.swift */; };
		DED1F82E21D628C200EB57E2 /* ViewController.swift in Sources */ = {isa = PBXBuildFile; fileRef = DED1F82D21D628C200EB57E2 /* ViewController.swift */; };
		DED1F83121D628C200EB57E2 /* Main.storyboard in Resources */ = {isa = PBXBuildFile; fileRef = DED1F82F21D628C200EB57E2 /* Main.storyboard */; };
		DED1F83321D628C300EB57E2 /* Assets.xcassets in Resources */ = {isa = PBXBuildFile; fileRef = DED1F83221D628C300EB57E2 /* Assets.xcassets */; };
		DED1F83621D628C300EB57E2 /* LaunchScreen.storyboard in Resources */ = {isa = PBXBuildFile; fileRef = DED1F83421D628C300EB57E2 /* LaunchScreen.storyboard */; };
		DED1F84121D628C300EB57E2 /* firstTests.swift in Sources */ = {isa = PBXBuildFile; fileRef = DED1F84021D628C300EB57E2 /* firstTests.swift */; };
		DED1F84C21D628C300EB57E2 /* firstUITests.swift in Sources */ = {isa = PBXBuildFile; fileRef = DED1F84B21D628C300EB57E2 /* firstUITests.swift */; };
		DED1F85121D628C300EB57E2 /* first WatchKit App.app in Embed Watch Content */ = {isa = PBXBuildFile; fileRef = DED1F85021D628C300EB57E2 /* first WatchKit App.app */; };
		DED1F85721D628C300EB57E2 /* Interface.storyboard in Resources */ = {isa = PBXBuildFile; fileRef = DED1F85521D628C300EB57E2 /* Interface.storyboard */; };
		DED1F85921D628C400EB57E2 /* Assets.xcassets in Resources */ = {isa = PBXBuildFile; fileRef = DED1F85821D628C400EB57E2 /* Assets.xcassets */; };
		DED1F86021D628C400EB57E2 /* first WatchKit Extension.appex in Embed App Extensions */ = {isa = PBXBuildFile; fileRef = DED1F85F21D628C400EB57E2 /* first WatchKit Extension.appex */; settings = {ATTRIBUTES = (RemoveHeadersOnCopy, ); }; };
		DED1F86521D628C400EB57E2 /* InterfaceController.swift in Sources */ = {isa = PBXBuildFile; fileRef = DED1F86421D628C400EB57E2 /* InterfaceController.swift */; };
		DED1F86721D628C400EB57E2 /* ExtensionDelegate.swift in Sources */ = {isa = PBXBuildFile; fileRef = DED1F86621D628C400EB57E2 /* ExtensionDelegate.swift */; };
		DED1F86921D628C400EB57E2 /* NotificationController.swift in Sources */ = {isa = PBXBuildFile; fileRef = DED1F86821D628C400EB57E2 /* NotificationController.swift */; };
		DED1F86B21D628C400EB57E2 /* Assets.xcassets in Resources */ = {isa = PBXBuildFile; fileRef = DED1F86A21D628C400EB57E2 /* Assets.xcassets */; };
/* End PBXBuildFile section */

/* Begin PBXContainerItemProxy section */
		DED1F83D21D628C300EB57E2 /* PBXContainerItemProxy */ = {
			isa = PBXContainerItemProxy;
			containerPortal = DED1F82021D628C200EB57E2 /* Project object */;
			proxyType = 1;
			remoteGlobalIDString = DED1F82721D628C200EB57E2;
			remoteInfo = first;
		};
		DED1F84821D628C300EB57E2 /* PBXContainerItemProxy */ = {
			isa = PBXContainerItemProxy;
			containerPortal = DED1F82021D628C200EB57E2 /* Project object */;
			proxyType = 1;
			remoteGlobalIDString = DED1F82721D628C200EB57E2;
			remoteInfo = first;
		};
		DED1F85221D628C300EB57E2 /* PBXContainerItemProxy */ = {
			isa = PBXContainerItemProxy;
			containerPortal = DED1F82021D628C200EB57E2 /* Project object */;
			proxyType = 1;
			remoteGlobalIDString = DED1F84F21D628C300EB57E2;
			remoteInfo = "first WatchKit App";
		};
		DED1F86121D628C400EB57E2 /* PBXContainerItemProxy */ = {
			isa = PBXContainerItemProxy;
			containerPortal = DED1F82021D628C200EB57E2 /* Project object */;
			proxyType = 1;
			remoteGlobalIDString = DED1F85E21D628C400EB57E2;
			remoteInfo = "first WatchKit Extension";
		};
/* End PBXContainerItemProxy section */

/* Begin PBXCopyFilesBuildPhase section */
		DED1F87321D628C400EB57E2 /* Embed App Extensions */ = {
			isa = PBXCopyFilesBuildPhase;
			buildActionMask = 2147483647;
			dstPath = "";
			dstSubfolderSpec = 13;
			files = (
				DED1F86021D628C400EB57E2 /* first WatchKit Extension.appex in Embed App Extensions */,
			);
			name = "Embed App Extensions";
			runOnlyForDeploymentPostprocessing = 0;
		};
		DED1F87721D628C400EB57E2 /* Embed Watch Content */ = {
			isa = PBXCopyFilesBuildPhase;
			buildActionMask = 2147483647;
			dstPath = "$(CONTENTS_FOLDER_PATH)/Watch";
			dstSubfolderSpec = 16;
			files = (
				DED1F85121D628C300EB57E2 /* first WatchKit App.app in Embed Watch Content */,
			);
			name = "Embed Watch Content";
			runOnlyForDeploymentPostprocessing = 0;
		};
/* End PBXCopyFilesBuildPhase section */

/* Begin PBXFileReference section */
		DED1F82821D628C200EB57E2 /* first.app */ = {isa = PBXFileReference; explicitFileType = wrapper.application; includeInIndex = 0; path = first.app; sourceTree = BUILT_PRODUCTS_DIR; };
		DED1F82B21D628C200EB57E2 /* AppDelegate.swift */ = {isa = PBXFileReference; lastKnownFileType = sourcecode.swift; path = AppDelegate.swift; sourceTree = "<group>"; };
		DED1F82D21D628C200EB57E2 /* ViewController.swift */ = {isa = PBXFileReference; lastKnownFileType = sourcecode.swift; path = ViewController.swift; sourceTree = "<group>"; };
		DED1F83021D628C200EB57E2 /* Base */ = {isa = PBXFileReference; lastKnownFileType = file.storyboard; name = Base; path = Base.lproj/Main.storyboard; sourceTree = "<group>"; };
		DED1F83221D628C300EB57E2 /* Assets.xcassets */ = {isa = PBXFileReference; lastKnownFileType = folder.assetcatalog; path = Assets.xcassets; sourceTree = "<group>"; };
		DED1F83521D628C300EB57E2 /* Base */ = {isa = PBXFileReference; lastKnownFileType = file.storyboard; name = Base; path = Base.lproj/LaunchScreen.storyboard; sourceTree = "<group>"; };
		DED1F83721D628C300EB57E2 /* Info.plist */ = {isa = PBXFileReference; lastKnownFileType = text.plist.xml; path = Info.plist; sourceTree = "<group>"; };
		DED1F83C21D628C300EB57E2 /* firstTests.xctest */ = {isa = PBXFileReference; explicitFileType = wrapper.cfbundle; includeInIndex = 0; path = firstTests.xctest; sourceTree = BUILT_PRODUCTS_DIR; };
		DED1F84021D628C300EB57E2 /* firstTests.swift */ = {isa = PBXFileReference; lastKnownFileType = sourcecode.swift; path = firstTests.swift; sourceTree = "<group>"; };
		DED1F84221D628C300EB57E2 /* Info.plist */ = {isa = PBXFileReference; lastKnownFileType = text.plist.xml; path = Info.plist; sourceTree = "<group>"; };
		DED1F84721D628C300EB57E2 /* firstUITests.xctest */ = {isa = PBXFileReference; explicitFileType = wrapper.cfbundle; includeInIndex = 0; path = firstUITests.xctest; sourceTree = BUILT_PRODUCTS_DIR; };
		DED1F84B21D628C300EB57E2 /* firstUITests.swift */ = {isa = PBXFileReference; lastKnownFileType = sourcecode.swift; path = firstUITests.swift; sourceTree = "<group>"; };
		DED1F84D21D628C300EB57E2 /* Info.plist */ = {isa = PBXFileReference; lastKnownFileType = text.plist.xml; path = Info.plist; sourceTree = "<group>"; };
		DED1F85021D628C300EB57E2 /* first WatchKit App.app */ = {isa = PBXFileReference; explicitFileType = wrapper.application; includeInIndex = 0; path = "first WatchKit App.app"; sourceTree = BUILT_PRODUCTS_DIR; };
		DED1F85621D628C300EB57E2 /* Base */ = {isa = PBXFileReference; lastKnownFileType = file.storyboard; name = Base; path = Base.lproj/Interface.storyboard; sourceTree = "<group>"; };
		DED1F85821D628C400EB57E2 /* Assets.xcassets */ = {isa = PBXFileReference; lastKnownFileType = folder.assetcatalog; path = Assets.xcassets; sourceTree = "<group>"; };
		DED1F85A21D628C400EB57E2 /* Info.plist */ = {isa = PBXFileReference; lastKnownFileType = text.plist.xml; path = Info.plist; sourceTree = "<group>"; };
		DED1F85F21D628C400EB57E2 /* first WatchKit Extension.appex */ = {isa = PBXFileReference; explicitFileType = "wrapper.app-extension"; includeInIndex = 0; path = "first WatchKit Extension.appex"; sourceTree = BUILT_PRODUCTS_DIR; };
		DED1F86421D628C400EB57E2 /* InterfaceController.swift */ = {isa = PBXFileReference; lastKnownFileType = sourcecode.swift; path = InterfaceController.swift; sourceTree = "<group>"; };
		DED1F86621D628C400EB57E2 /* ExtensionDelegate.swift */ = {isa = PBXFileReference; lastKnownFileType = sourcecode.swift; path = ExtensionDelegate.swift; sourceTree = "<group>"; };
		DED1F86821D628C400EB57E2 /* NotificationController.swift */ = {isa = PBXFileReference; lastKnownFileType = sourcecode.swift; path = NotificationController.swift; sourceTree = "<group>"; };
		DED1F86A21D628C400EB57E2 /* Assets.xcassets */ = {isa = PBXFileReference; lastKnownFileType = folder.assetcatalog; path = Assets.xcassets; sourceTree = "<group>"; };
		DED1F86C21D628C400EB57E2 /* Info.plist */ = {isa = PBXFileReference; lastKnownFileType = text.plist.xml; path = Info.plist; sourceTree = "<group>"; };
		DED1F86D21D628C400EB57E2 /* PushNotificationPayload.apns */ = {isa = PBXFileReference; lastKnownFileType = text; path = PushNotificationPayload.apns; sourceTree = "<group>"; };
/* End PBXFileReference section */

/* Begin PBXFrameworksBuildPhase section */
		DED1F82521D628C200EB57E2 /* Frameworks */ = {
			isa = PBXFrameworksBuildPhase;
			buildActionMask = 2147483647;
			files = (
			);
			runOnlyForDeploymentPostprocessing = 0;
		};
		DED1F83921D628C300EB57E2 /* Frameworks */ = {
			isa = PBXFrameworksBuildPhase;
			buildActionMask = 2147483647;
			files = (
			);
			runOnlyForDeploymentPostprocessing = 0;
		};
		DED1F84421D628C300EB57E2 /* Frameworks */ = {
			isa = PBXFrameworksBuildPhase;
			buildActionMask = 2147483647;
			files = (
			);
			runOnlyForDeploymentPostprocessing = 0;
		};
		DED1F85C21D628C400EB57E2 /* Frameworks */ = {
			isa = PBXFrameworksBuildPhase;
			buildActionMask = 2147483647;
			files = (
			);
			runOnlyForDeploymentPostprocessing = 0;
		};
/* End PBXFrameworksBuildPhase section */

/* Begin PBXGroup section */
		DED1F81F21D628C200EB57E2 = {
			isa = PBXGroup;
			children = (
				DED1F82A21D628C200EB57E2 /* first */,
				DED1F83F21D628C300EB57E2 /* firstTests */,
				DED1F84A21D628C300EB57E2 /* firstUITests */,
				DED1F85421D628C300EB57E2 /* first WatchKit App */,
				DED1F86321D628C400EB57E2 /* first WatchKit Extension */,
				DED1F82921D628C200EB57E2 /* Products */,
			);
			sourceTree = "<group>";
		};
		DED1F82921D628C200EB57E2 /* Products */ = {
			isa = PBXGroup;
			children = (
				DED1F82821D628C200EB57E2 /* first.app */,
				DED1F83C21D628C300EB57E2 /* firstTests.xctest */,
				DED1F84721D628C300EB57E2 /* firstUITests.xctest */,
				DED1F85021D628C300EB57E2 /* first WatchKit App.app */,
				DED1F85F21D628C400EB57E2 /* first WatchKit Extension.appex */,
			);
			name = Products;
			sourceTree = "<group>";
		};
		DED1F82A21D628C200EB57E2 /* first */ = {
			isa = PBXGroup;
			children = (
				DED1F82B21D628C200EB57E2 /* AppDelegate.swift */,
				DED1F82D21D628C200EB57E2 /* ViewController.swift */,
				DED1F82F21D628C200EB57E2 /* Main.storyboard */,
				DED1F83221D628C300EB57E2 /* Assets.xcassets */,
				DED1F83421D628C300EB57E2 /* LaunchScreen.storyboard */,
				DED1F83721D628C300EB57E2 /* Info.plist */,
			);
			path = first;
			sourceTree = "<group>";
		};
		DED1F83F21D628C300EB57E2 /* firstTests */ = {
			isa = PBXGroup;
			children = (
				DED1F84021D628C300EB57E2 /* firstTests.swift */,
				DED1F84221D628C300EB57E2 /* Info.plist */,
			);
			path = firstTests;
			sourceTree = "<group>";
		};
		DED1F84A21D628C300EB57E2 /* firstUITests */ = {
			isa = PBXGroup;
			children = (
				DED1F84B21D628C300EB57E2 /* firstUITests.swift */,
				DED1F84D21D628C300EB57E2 /* Info.plist */,
			);
			path = firstUITests;
			sourceTree = "<group>";
		};
		DED1F85421D628C300EB57E2 /* first WatchKit App */ = {
			isa = PBXGroup;
			children = (
				DED1F85521D628C300EB57E2 /* Interface.storyboard */,
				DED1F85821D628C400EB57E2 /* Assets.xcassets */,
				DED1F85A21D628C400EB57E2 /* Info.plist */,
			);
			path = "first WatchKit App";
			sourceTree = "<group>";
		};
		DED1F86321D628C400EB57E2 /* first WatchKit Extension */ = {
			isa = PBXGroup;
			children = (
				DED1F86421D628C400EB57E2 /* InterfaceController.swift */,
				DED1F86621D628C400EB57E2 /* ExtensionDelegate.swift */,
				DED1F86821D628C400EB57E2 /* NotificationController.swift */,
				DED1F86A21D628C400EB57E2 /* Assets.xcassets */,
				DED1F86C21D628C400EB57E2 /* Info.plist */,
				DED1F86D21D628C400EB57E2 /* PushNotificationPayload.apns */,
			);
			path = "first WatchKit Extension";
			sourceTree = "<group>";
		};
/* End PBXGroup section */

/* Begin PBXNativeTarget section */
		DED1F82721D628C200EB57E2 /* first */ = {
			isa = PBXNativeTarget;
			buildConfigurationList = DED1F87821D628C400EB57E2 /* Build configuration list for PBXNativeTarget "first" */;
			buildPhases = (
				DED1F82421D628C200EB57E2 /* Sources */,
				DED1F82521D628C200EB57E2 /* Frameworks */,
				DED1F82621D628C200EB57E2 /* Resources */,
				DED1F87721D628C400EB57E2 /* Embed Watch Content */,
			);
			buildRules = (
			);
			dependencies = (
				DED1F85321D628C300EB57E2 /* PBXTargetDependency */,
			);
			name = first;
			productName = first;
			productReference = DED1F82821D628C200EB57E2 /* first.app */;
			productType = "com.apple.product-type.application";
		};
		DED1F83B21D628C300EB57E2 /* firstTests */ = {
			isa = PBXNativeTarget;
			buildConfigurationList = DED1F87B21D628C400EB57E2 /* Build configuration list for PBXNativeTarget "firstTests" */;
			buildPhases = (
				DED1F83821D628C300EB57E2 /* Sources */,
				DED1F83921D628C300EB57E2 /* Frameworks */,
				DED1F83A21D628C300EB57E2 /* Resources */,
			);
			buildRules = (
			);
			dependencies = (
				DED1F83E21D628C300EB57E2 /* PBXTargetDependency */,
			);
			name = firstTests;
			productName = firstTests;
			productReference = DED1F83C21D628C300EB57E2 /* firstTests.xctest */;
			productType = "com.apple.product-type.bundle.unit-test";
		};
		DED1F84621D628C300EB57E2 /* firstUITests */ = {
			isa = PBXNativeTarget;
			buildConfigurationList = DED1F87E21D628C400EB57E2 /* Build configuration list for PBXNativeTarget "firstUITests" */;
			buildPhases = (
				DED1F84321D628C300EB57E2 /* Sources */,
				DED1F84421D628C300EB57E2 /* Frameworks */,
				DED1F84521D628C300EB57E2 /* Resources */,
			);
			buildRules = (
			);
			dependencies = (
				DED1F84921D628C300EB57E2 /* PBXTargetDependency */,
			);
			name = firstUITests;
			productName = firstUITests;
			productReference = DED1F84721D628C300EB57E2 /* firstUITests.xctest */;
			productType = "com.apple.product-type.bundle.ui-testing";
		};
		DED1F84F21D628C300EB57E2 /* first WatchKit App */ = {
			isa = PBXNativeTarget;
			buildConfigurationList = DED1F87421D628C400EB57E2 /* Build configuration list for PBXNativeTarget "first WatchKit App" */;
			buildPhases = (
				DED1F84E21D628C300EB57E2 /* Resources */,
				DED1F87321D628C400EB57E2 /* Embed App Extensions */,
			);
			buildRules = (
			);
			dependencies = (
				DED1F86221D628C400EB57E2 /* PBXTargetDependency */,
			);
			name = "first WatchKit App";
			productName = "first WatchKit App";
			productReference = DED1F85021D628C300EB57E2 /* first WatchKit App.app */;
			productType = "com.apple.product-type.application.watchapp2";
		};
		DED1F85E21D628C400EB57E2 /* first WatchKit Extension */ = {
			isa = PBXNativeTarget;
			buildConfigurationList = DED1F87021D628C400EB57E2 /* Build configuration list for PBXNativeTarget "first WatchKit Extension" */;
			buildPhases = (
				DED1F85B21D628C400EB57E2 /* Sources */,
				DED1F85C21D628C400EB57E2 /* Frameworks */,
				DED1F85D21D628C400EB57E2 /* Resources */,
			);
			buildRules = (
			);
			dependencies = (
			);
			name = "first WatchKit Extension";
			productName = "first WatchKit Extension";
			productReference = DED1F85F21D628C400EB57E2 /* first WatchKit Extension.appex */;
			productType = "com.apple.product-type.watchkit2-extension";
		};
/* End PBXNativeTarget section */

/* Begin PBXProject section */
		DED1F82021D628C200EB57E2 /* Project object */ = {
			isa = PBXProject;
			attributes = {
				LastSwiftUpdateCheck = 0930;
				LastUpgradeCheck = 0930;
				ORGANIZATIONNAME = "西野";
				TargetAttributes = {
					DED1F82721D628C200EB57E2 = {
						CreatedOnToolsVersion = 9.3.1;
					};
					DED1F83B21D628C300EB57E2 = {
						CreatedOnToolsVersion = 9.3.1;
						TestTargetID = DED1F82721D628C200EB57E2;
					};
					DED1F84621D628C300EB57E2 = {
						CreatedOnToolsVersion = 9.3.1;
						TestTargetID = DED1F82721D628C200EB57E2;
					};
					DED1F84F21D628C300EB57E2 = {
						CreatedOnToolsVersion = 9.3.1;
					};
					DED1F85E21D628C400EB57E2 = {
						CreatedOnToolsVersion = 9.3.1;
					};
				};
			};
			buildConfigurationList = DED1F82321D628C200EB57E2 /* Build configuration list for PBXProject "first" */;
			compatibilityVersion = "Xcode 9.3";
			developmentRegion = en;
			hasScannedForEncodings = 0;
			knownRegions = (
				en,
				Base,
			);
			mainGroup = DED1F81F21D628C200EB57E2;
			productRefGroup = DED1F82921D628C200EB57E2 /* Products */;
			projectDirPath = "";
			projectRoot = "";
			targets = (
				DED1F82721D628C200EB57E2 /* first */,
				DED1F83B21D628C300EB57E2 /* firstTests */,
				DED1F84621D628C300EB57E2 /* firstUITests */,
				DED1F84F21D628C300EB57E2 /* first WatchKit App */,
				DED1F85E21D628C400EB57E2 /* first WatchKit Extension */,
			);
		};
/* End PBXProject section */

/* Begin PBXResourcesBuildPhase section */
		DED1F82621D628C200EB57E2 /* Resources */ = {
			isa = PBXResourcesBuildPhase;
			buildActionMask = 2147483647;
			files = (
				DED1F83621D628C300EB57E2 /* LaunchScreen.storyboard in Resources */,
				DED1F83321D628C300EB57E2 /* Assets.xcassets in Resources */,
				DED1F83121D628C200EB57E2 /* Main.storyboard in Resources */,
			);
			runOnlyForDeploymentPostprocessing = 0;
		};
		DED1F83A21D628C300EB57E2 /* Resources */ = {
			isa = PBXResourcesBuildPhase;
			buildActionMask = 2147483647;
			files = (
			);
			runOnlyForDeploymentPostprocessing = 0;
		};
		DED1F84521D628C300EB57E2 /* Resources */ = {
			isa = PBXResourcesBuildPhase;
			buildActionMask = 2147483647;
			files = (
			);
			runOnlyForDeploymentPostprocessing = 0;
		};
		DED1F84E21D628C300EB57E2 /* Resources */ = {
			isa = PBXResourcesBuildPhase;
			buildActionMask = 2147483647;
			files = (
				DED1F85921D628C400EB57E2 /* Assets.xcassets in Resources */,
				DED1F85721D628C300EB57E2 /* Interface.storyboard in Resources */,
			);
			runOnlyForDeploymentPostprocessing = 0;
		};
		DED1F85D21D628C400EB57E2 /* Resources */ = {
			isa = PBXResourcesBuildPhase;
			buildActionMask = 2147483647;
			files = (
				DED1F86B21D628C400EB57E2 /* Assets.xcassets in Resources */,
			);
			runOnlyForDeploymentPostprocessing = 0;
		};
/* End PBXResourcesBuildPhase section */

/* Begin PBXSourcesBuildPhase section */
		DED1F82421D628C200EB57E2 /* Sources */ = {
			isa = PBXSourcesBuildPhase;
			buildActionMask = 2147483647;
			files = (
				DED1F82E21D628C200EB57E2 /* ViewController.swift in Sources */,
				DED1F82C21D628C200EB57E2 /* AppDelegate.swift in Sources */,
			);
			runOnlyForDeploymentPostprocessing = 0;
		};
		DED1F83821D628C300EB57E2 /* Sources */ = {
			isa = PBXSourcesBuildPhase;
			buildActionMask = 2147483647;
			files = (
				DED1F84121D628C300EB57E2 /* firstTests.swift in Sources */,
			);
			runOnlyForDeploymentPostprocessing = 0;
		};
		DED1F84321D628C300EB57E2 /* Sources */ = {
			isa = PBXSourcesBuildPhase;
			buildActionMask = 2147483647;
			files = (
				DED1F84C21D628C300EB57E2 /* firstUITests.swift in Sources */,
			);
			runOnlyForDeploymentPostprocessing = 0;
		};
		DED1F85B21D628C400EB57E2 /* Sources */ = {
			isa = PBXSourcesBuildPhase;
			buildActionMask = 2147483647;
			files = (
				DED1F86921D628C400EB57E2 /* NotificationController.swift in Sources */,
				DED1F86721D628C400EB57E2 /* ExtensionDelegate.swift in Sources */,
				DED1F86521D628C400EB57E2 /* InterfaceController.swift in Sources */,
			);
			runOnlyForDeploymentPostprocessing = 0;
		};
/* End PBXSourcesBuildPhase section */

/* Begin PBXTargetDependency section */
		DED1F83E21D628C300EB57E2 /* PBXTargetDependency */ = {
			isa = PBXTargetDependency;
			target = DED1F82721D628C200EB57E2 /* first */;
			targetProxy = DED1F83D21D628C300EB57E2 /* PBXContainerItemProxy */;
		};
		DED1F84921D628C300EB57E2 /* PBXTargetDependency */ = {
			isa = PBXTargetDependency;
			target = DED1F82721D628C200EB57E2 /* first */;
			targetProxy = DED1F84821D628C300EB57E2 /* PBXContainerItemProxy */;
		};
		DED1F85321D628C300EB57E2 /* PBXTargetDependency */ = {
			isa = PBXTargetDependency;
			target = DED1F84F21D628C300EB57E2 /* first WatchKit App */;
			targetProxy = DED1F85221D628C300EB57E2 /* PBXContainerItemProxy */;
		};
		DED1F86221D628C400EB57E2 /* PBXTargetDependency */ = {
			isa = PBXTargetDependency;
			target = DED1F85E21D628C400EB57E2 /* first WatchKit Extension */;
			targetProxy = DED1F86121D628C400EB57E2 /* PBXContainerItemProxy */;
		};
/* End PBXTargetDependency section */

/* Begin PBXVariantGroup section */
		DED1F82F21D628C200EB57E2 /* Main.storyboard */ = {
			isa = PBXVariantGroup;
			children = (
				DED1F83021D628C200EB57E2 /* Base */,
			);
			name = Main.storyboard;
			sourceTree = "<group>";
		};
		DED1F83421D628C300EB57E2 /* LaunchScreen.storyboard */ = {
			isa = PBXVariantGroup;
			children = (
				DED1F83521D628C300EB57E2 /* Base */,
			);
			name = LaunchScreen.storyboard;
			sourceTree = "<group>";
		};
		DED1F85521D628C300EB57E2 /* Interface.storyboard */ = {
			isa = PBXVariantGroup;
			children = (
				DED1F85621D628C300EB57E2 /* Base */,
			);
			name = Interface.storyboard;
			sourceTree = "<group>";
		};
/* End PBXVariantGroup section */

/* Begin XCBuildConfiguration section */
		DED1F86E21D628C400EB57E2 /* Debug */ = {
			isa = XCBuildConfiguration;
			buildSettings = {
				ALWAYS_SEARCH_USER_PATHS = NO;
				CLANG_ANALYZER_NONNULL = YES;
				CLANG_ANALYZER_NUMBER_OBJECT_CONVERSION = YES_AGGRESSIVE;
				CLANG_CXX_LANGUAGE_STANDARD = "gnu++14";
				CLANG_CXX_LIBRARY = "libc++";
				CLANG_ENABLE_MODULES = YES;
				CLANG_ENABLE_OBJC_ARC = YES;
				CLANG_ENABLE_OBJC_WEAK = YES;
				CLANG_WARN_BLOCK_CAPTURE_AUTORELEASING = YES;
				CLANG_WARN_BOOL_CONVERSION = YES;
				CLANG_WARN_COMMA = YES;
				CLANG_WARN_CONSTANT_CONVERSION = YES;
				CLANG_WARN_DEPRECATED_OBJC_IMPLEMENTATIONS = YES;
				CLANG_WARN_DIRECT_OBJC_ISA_USAGE = YES_ERROR;
				CLANG_WARN_DOCUMENTATION_COMMENTS = YES;
				CLANG_WARN_EMPTY_BODY = YES;
				CLANG_WARN_ENUM_CONVERSION = YES;
				CLANG_WARN_INFINITE_RECURSION = YES;
				CLANG_WARN_INT_CONVERSION = YES;
				CLANG_WARN_NON_LITERAL_NULL_CONVERSION = YES;
				CLANG_WARN_OBJC_IMPLICIT_RETAIN_SELF = YES;
				CLANG_WARN_OBJC_LITERAL_CONVERSION = YES;
				CLANG_WARN_OBJC_ROOT_CLASS = YES_ERROR;
				CLANG_WARN_RANGE_LOOP_ANALYSIS = YES;
				CLANG_WARN_STRICT_PROTOTYPES = YES;
				CLANG_WARN_SUSPICIOUS_MOVE = YES;
				CLANG_WARN_UNGUARDED_AVAILABILITY = YES_AGGRESSIVE;
				CLANG_WARN_UNREACHABLE_CODE = YES;
				CLANG_WARN__DUPLICATE_METHOD_MATCH = YES;
				CODE_SIGN_IDENTITY = "iPhone Developer";
				COPY_PHASE_STRIP = NO;
				DEBUG_INFORMATION_FORMAT = dwarf;
				ENABLE_STRICT_OBJC_MSGSEND = YES;
				ENABLE_TESTABILITY = YES;
				GCC_C_LANGUAGE_STANDARD = gnu11;
				GCC_DYNAMIC_NO_PIC = NO;
				GCC_NO_COMMON_BLOCKS = YES;
				GCC_OPTIMIZATION_LEVEL = 0;
				GCC_PREPROCESSOR_DEFINITIONS = (
					"DEBUG=1",
					"$(inherited)",
				);
				GCC_WARN_64_TO_32_BIT_CONVERSION = YES;
				GCC_WARN_ABOUT_RETURN_TYPE = YES_ERROR;
				GCC_WARN_UNDECLARED_SELECTOR = YES;
				GCC_WARN_UNINITIALIZED_AUTOS = YES_AGGRESSIVE;
				GCC_WARN_UNUSED_FUNCTION = YES;
				GCC_WARN_UNUSED_VARIABLE = YES;
				IPHONEOS_DEPLOYMENT_TARGET = 11.3;
				MTL_ENABLE_DEBUG_INFO = YES;
				ONLY_ACTIVE_ARCH = YES;
				SDKROOT = iphoneos;
				SWIFT_ACTIVE_COMPILATION_CONDITIONS = DEBUG;
				SWIFT_OPTIMIZATION_LEVEL = "-Onone";
			};
			name = Debug;
		};
		DED1F86F21D628C400EB57E2 /* Release */ = {
			isa = XCBuildConfiguration;
			buildSettings = {
				ALWAYS_SEARCH_USER_PATHS = NO;
				CLANG_ANALYZER_NONNULL = YES;
				CLANG_ANALYZER_NUMBER_OBJECT_CONVERSION = YES_AGGRESSIVE;
				CLANG_CXX_LANGUAGE_STANDARD = "gnu++14";
				CLANG_CXX_LIBRARY = "libc++";
				CLANG_ENABLE_MODULES = YES;
				CLANG_ENABLE_OBJC_ARC = YES;
				CLANG_ENABLE_OBJC_WEAK = YES;
				CLANG_WARN_BLOCK_CAPTURE_AUTORELEASING = YES;
				CLANG_WARN_BOOL_CONVERSION = YES;
				CLANG_WARN_COMMA = YES;
				CLANG_WARN_CONSTANT_CONVERSION = YES;
				CLANG_WARN_DEPRECATED_OBJC_IMPLEMENTATIONS = YES;
				CLANG_WARN_DIRECT_OBJC_ISA_USAGE = YES_ERROR;
				CLANG_WARN_DOCUMENTATION_COMMENTS = YES;
				CLANG_WARN_EMPTY_BODY = YES;
				CLANG_WARN_ENUM_CONVERSION = YES;
				CLANG_WARN_INFINITE_RECURSION = YES;
				CLANG_WARN_INT_CONVERSION = YES;
				CLANG_WARN_NON_LITERAL_NULL_CONVERSION = YES;
				CLANG_WARN_OBJC_IMPLICIT_RETAIN_SELF = YES;
				CLANG_WARN_OBJC_LITERAL_CONVERSION = YES;
				CLANG_WARN_OBJC_ROOT_CLASS = YES_ERROR;
				CLANG_WARN_RANGE_LOOP_ANALYSIS = YES;
				CLANG_WARN_STRICT_PROTOTYPES = YES;
				CLANG_WARN_SUSPICIOUS_MOVE = YES;
				CLANG_WARN_UNGUARDED_AVAILABILITY = YES_AGGRESSIVE;
				CLANG_WARN_UNREACHABLE_CODE = YES;
				CLANG_WARN__DUPLICATE_METHOD_MATCH = YES;
				CODE_SIGN_IDENTITY = "iPhone Developer";
				COPY_PHASE_STRIP = NO;
				DEBUG_INFORMATION_FORMAT = "dwarf-with-dsym";
				ENABLE_NS_ASSERTIONS = NO;
				ENABLE_STRICT_OBJC_MSGSEND = YES;
				GCC_C_LANGUAGE_STANDARD = gnu11;
				GCC_NO_COMMON_BLOCKS = YES;
				GCC_WARN_64_TO_32_BIT_CONVERSION = YES;
				GCC_WARN_ABOUT_RETURN_TYPE = YES_ERROR;
				GCC_WARN_UNDECLARED_SELECTOR = YES;
				GCC_WARN_UNINITIALIZED_AUTOS = YES_AGGRESSIVE;
				GCC_WARN_UNUSED_FUNCTION = YES;
				GCC_WARN_UNUSED_VARIABLE = YES;
				IPHONEOS_DEPLOYMENT_TARGET = 11.3;
				MTL_ENABLE_DEBUG_INFO = NO;
				SDKROOT = iphoneos;
				SWIFT_COMPILATION_MODE = wholemodule;
				SWIFT_OPTIMIZATION_LEVEL = "-O";
				VALIDATE_PRODUCT = YES;
			};
			name = Release;
		};
		DED1F87121D628C400EB57E2 /* Debug */ = {
			isa = XCBuildConfiguration;
			buildSettings = {
				ASSETCATALOG_COMPILER_COMPLICATION_NAME = Complication;
				CODE_SIGN_STYLE = Automatic;
				INFOPLIST_FILE = "first WatchKit Extension/Info.plist";
				LD_RUNPATH_SEARCH_PATHS = (
					"$(inherited)",
					"@executable_path/Frameworks",
					"@executable_path/../../Frameworks",
				);
				PRODUCT_BUNDLE_IDENTIFIER = NishiNo.first.watchkitapp.watchkitextension;
				PRODUCT_NAME = "${TARGET_NAME}";
				SDKROOT = watchos;
				SKIP_INSTALL = YES;
				SWIFT_VERSION = 4.0;
				TARGETED_DEVICE_FAMILY = 4;
				WATCHOS_DEPLOYMENT_TARGET = 4.3;
			};
			name = Debug;
		};
		DED1F87221D628C400EB57E2 /* Release */ = {
			isa = XCBuildConfiguration;
			buildSettings = {
				ASSETCATALOG_COMPILER_COMPLICATION_NAME = Complication;
				CODE_SIGN_STYLE = Automatic;
				INFOPLIST_FILE = "first WatchKit Extension/Info.plist";
				LD_RUNPATH_SEARCH_PATHS = (
					"$(inherited)",
					"@executable_path/Frameworks",
					"@executable_path/../../Frameworks",
				);
				PRODUCT_BUNDLE_IDENTIFIER = NishiNo.first.watchkitapp.watchkitextension;
				PRODUCT_NAME = "${TARGET_NAME}";
				SDKROOT = watchos;
				SKIP_INSTALL = YES;
				SWIFT_VERSION = 4.0;
				TARGETED_DEVICE_FAMILY = 4;
				WATCHOS_DEPLOYMENT_TARGET = 4.3;
			};
			name = Release;
		};
		DED1F87521D628C400EB57E2 /* Debug */ = {
			isa = XCBuildConfiguration;
			buildSettings = {
				ALWAYS_EMBED_SWIFT_STANDARD_LIBRARIES = YES;
				ASSETCATALOG_COMPILER_APPICON_NAME = AppIcon;
				CODE_SIGN_STYLE = Automatic;
				IBSC_MODULE = first_WatchKit_Extension;
				INFOPLIST_FILE = "first WatchKit App/Info.plist";
				PRODUCT_BUNDLE_IDENTIFIER = NishiNo.first.watchkitapp;
				PRODUCT_NAME = "$(TARGET_NAME)";
				SDKROOT = watchos;
				SKIP_INSTALL = YES;
				SWIFT_VERSION = 4.0;
				TARGETED_DEVICE_FAMILY = 4;
				WATCHOS_DEPLOYMENT_TARGET = 4.3;
			};
			name = Debug;
		};
		DED1F87621D628C400EB57E2 /* Release */ = {
			isa = XCBuildConfiguration;
			buildSettings = {
				ALWAYS_EMBED_SWIFT_STANDARD_LIBRARIES = YES;
				ASSETCATALOG_COMPILER_APPICON_NAME = AppIcon;
				CODE_SIGN_STYLE = Automatic;
				IBSC_MODULE = first_WatchKit_Extension;
				INFOPLIST_FILE = "first WatchKit App/Info.plist";
				PRODUCT_BUNDLE_IDENTIFIER = NishiNo.first.watchkitapp;
				PRODUCT_NAME = "$(TARGET_NAME)";
				SDKROOT = watchos;
				SKIP_INSTALL = YES;
				SWIFT_VERSION = 4.0;
				TARGETED_DEVICE_FAMILY = 4;
				WATCHOS_DEPLOYMENT_TARGET = 4.3;
			};
			name = Release;
		};
		DED1F87921D628C400EB57E2 /* Debug */ = {
			isa = XCBuildConfiguration;
			buildSettings = {
				ASSETCATALOG_COMPILER_APPICON_NAME = AppIcon;
				CODE_SIGN_STYLE = Automatic;
				INFOPLIST_FILE = first/Info.plist;
				LD_RUNPATH_SEARCH_PATHS = (
					"$(inherited)",
					"@executable_path/Frameworks",
				);
				PRODUCT_BUNDLE_IDENTIFIER = NishiNo.first;
				PRODUCT_NAME = "$(TARGET_NAME)";
				SWIFT_VERSION = 4.0;
				TARGETED_DEVICE_FAMILY = "1,2";
			};
			name = Debug;
		};
		DED1F87A21D628C400EB57E2 /* Release */ = {
			isa = XCBuildConfiguration;
			buildSettings = {
				ASSETCATALOG_COMPILER_APPICON_NAME = AppIcon;
				CODE_SIGN_STYLE = Automatic;
				INFOPLIST_FILE = first/Info.plist;
				LD_RUNPATH_SEARCH_PATHS = (
					"$(inherited)",
					"@executable_path/Frameworks",
				);
				PRODUCT_BUNDLE_IDENTIFIER = NishiNo.first;
				PRODUCT_NAME = "$(TARGET_NAME)";
				SWIFT_VERSION = 4.0;
				TARGETED_DEVICE_FAMILY = "1,2";
			};
			name = Release;
		};
		DED1F87C21D628C400EB57E2 /* Debug */ = {
			isa = XCBuildConfiguration;
			buildSettings = {
				ALWAYS_EMBED_SWIFT_STANDARD_LIBRARIES = YES;
				BUNDLE_LOADER = "$(TEST_HOST)";
				CODE_SIGN_STYLE = Automatic;
				INFOPLIST_FILE = firstTests/Info.plist;
				LD_RUNPATH_SEARCH_PATHS = (
					"$(inherited)",
					"@executable_path/Frameworks",
					"@loader_path/Frameworks",
				);
				PRODUCT_BUNDLE_IDENTIFIER = NishiNo.firstTests;
				PRODUCT_NAME = "$(TARGET_NAME)";
				SWIFT_VERSION = 4.0;
				TARGETED_DEVICE_FAMILY = "1,2";
				TEST_HOST = "$(BUILT_PRODUCTS_DIR)/first.app/first";
			};
			name = Debug;
		};
		DED1F87D21D628C400EB57E2 /* Release */ = {
			isa = XCBuildConfiguration;
			buildSettings = {
				ALWAYS_EMBED_SWIFT_STANDARD_LIBRARIES = YES;
				BUNDLE_LOADER = "$(TEST_HOST)";
				CODE_SIGN_STYLE = Automatic;
				INFOPLIST_FILE = firstTests/Info.plist;
				LD_RUNPATH_SEARCH_PATHS = (
					"$(inherited)",
					"@executable_path/Frameworks",
					"@loader_path/Frameworks",
				);
				PRODUCT_BUNDLE_IDENTIFIER = NishiNo.firstTests;
				PRODUCT_NAME = "$(TARGET_NAME)";
				SWIFT_VERSION = 4.0;
				TARGETED_DEVICE_FAMILY = "1,2";
				TEST_HOST = "$(BUILT_PRODUCTS_DIR)/first.app/first";
			};
			name = Release;
		};
		DED1F87F21D628C400EB57E2 /* Debug */ = {
			isa = XCBuildConfiguration;
			buildSettings = {
				ALWAYS_EMBED_SWIFT_STANDARD_LIBRARIES = YES;
				CODE_SIGN_STYLE = Automatic;
				INFOPLIST_FILE = firstUITests/Info.plist;
				LD_RUNPATH_SEARCH_PATHS = (
					"$(inherited)",
					"@executable_path/Frameworks",
					"@loader_path/Frameworks",
				);
				PRODUCT_BUNDLE_IDENTIFIER = NishiNo.firstUITests;
				PRODUCT_NAME = "$(TARGET_NAME)";
				SWIFT_VERSION = 4.0;
				TARGETED_DEVICE_FAMILY = "1,2";
				TEST_TARGET_NAME = first;
			};
			name = Debug;
		};
		DED1F88021D628C400EB57E2 /* Release */ = {
			isa = XCBuildConfiguration;
			buildSettings = {
				ALWAYS_EMBED_SWIFT_STANDARD_LIBRARIES = YES;
				CODE_SIGN_STYLE = Automatic;
				INFOPLIST_FILE = firstUITests/Info.plist;
				LD_RUNPATH_SEARCH_PATHS = (
					"$(inherited)",
					"@executable_path/Frameworks",
					"@loader_path/Frameworks",
				);
				PRODUCT_BUNDLE_IDENTIFIER = NishiNo.firstUITests;
				PRODUCT_NAME = "$(TARGET_NAME)";
				SWIFT_VERSION = 4.0;
				TARGETED_DEVICE_FAMILY = "1,2";
				TEST_TARGET_NAME = first;
			};
			name = Release;
		};
/* End XCBuildConfiguration section */

/* Begin XCConfigurationList section */
		DED1F82321D628C200EB57E2 /* Build configuration list for PBXProject "first" */ = {
			isa = XCConfigurationList;
			buildConfigurations = (
				DED1F86E21D628C400EB57E2 /* Debug */,
				DED1F86F21D628C400EB57E2 /* Release */,
			);
			defaultConfigurationIsVisible = 0;
			defaultConfigurationName = Release;
		};
		DED1F87021D628C400EB57E2 /* Build configuration list for PBXNativeTarget "first WatchKit Extension" */ = {
			isa = XCConfigurationList;
			buildConfigurations = (
				DED1F87121D628C400EB57E2 /* Debug */,
				DED1F87221D628C400EB57E2 /* Release */,
			);
			defaultConfigurationIsVisible = 0;
			defaultConfigurationName = Release;
		};
		DED1F87421D628C400EB57E2 /* Build configuration list for PBXNativeTarget "first WatchKit App" */ = {
			isa = XCConfigurationList;
			buildConfigurations = (
				DED1F87521D628C400EB57E2 /* Debug */,
				DED1F87621D628C400EB57E2 /* Release */,
			);
			defaultConfigurationIsVisible = 0;
			defaultConfigurationName = Release;
		};
		DED1F87821D628C400EB57E2 /* Build configuration list for PBXNativeTarget "first" */ = {
			isa = XCConfigurationList;
			buildConfigurations = (
				DED1F87921D628C400EB57E2 /* Debug */,
				DED1F87A21D628C400EB57E2 /* Release */,
			);
			defaultConfigurationIsVisible = 0;
			defaultConfigurationName = Release;
		};
		DED1F87B21D628C400EB57E2 /* Build configuration list for PBXNativeTarget "firstTests" */ = {
			isa = XCConfigurationList;
			buildConfigurations = (
				DED1F87C21D628C400EB57E2 /* Debug */,
				DED1F87D21D628C400EB57E2 /* Release */,
			);
			defaultConfigurationIsVisible = 0;
			defaultConfigurationName = Release;
		};
		DED1F87E21D628C400EB57E2 /* Build configuration list for PBXNativeTarget "firstUITests" */ = {
			isa = XCConfigurationList;
			buildConfigurations = (
				DED1F87F21D628C400EB57E2 /* Debug */,
				DED1F88021D628C400EB57E2 /* Release */,
			);
			defaultConfigurationIsVisible = 0;
			defaultConfigurationName = Release;
		};
/* End XCConfigurationList section */
	};
	rootObject = DED1F82021D628C200EB57E2 /* Project object */;
}
